
Microsoft Visual Studio Solution File, Format Version 12.00
# Visual Studio Version 17
VisualStudioVersion = 17.7.34202.233
MinimumVisualStudioVersion = 10.0.40219.1
Project("{54A90642-561A-4BB1-A94E-469ADEE60C69}") = "reactapp", "reactapp\reactapp.esproj", "{39C3BF1F-3394-4AF0-B706-4D98CB3D397D}"
EndProject
Project("{9A19103F-16F7-4668-BE54-9A1E7A4F7556}") = "webapi", "webapi\webapi.csproj", "{9556A020-302A-408C-AA65-61C25D8D9280}"
EndProject
Global
	GlobalSection(SolutionConfigurationPlatforms) = preSolution
		Debug|Any CPU = Debug|Any CPU
		Release|Any CPU = Release|Any CPU
	EndGlobalSection
	GlobalSection(ProjectConfigurationPlatforms) = postSolution
		{39C3BF1F-3394-4AF0-B706-4D98CB3D397D}.Debug|Any CPU.ActiveCfg = Debug|Any CPU
		{39C3BF1F-3394-4AF0-B706-4D98CB3D397D}.Debug|Any CPU.Build.0 = Debug|Any CPU
		{39C3BF1F-3394-4AF0-B706-4D98CB3D397D}.Debug|Any CPU.Deploy.0 = Debug|Any CPU
		{39C3BF1F-3394-4AF0-B706-4D98CB3D397D}.Release|Any CPU.ActiveCfg = Release|Any CPU
		{39C3BF1F-3394-4AF0-B706-4D98CB3D397D}.Release|Any CPU.Build.0 = Release|Any CPU
		{39C3BF1F-3394-4AF0-B706-4D98CB3D397D}.Release|Any CPU.Deploy.0 = Release|Any CPU
		{9556A020-302A-408C-AA65-61C25D8D9280}.Debug|Any CPU.ActiveCfg = Debug|Any CPU
		{9556A020-302A-408C-AA65-61C25D8D9280}.Debug|Any CPU.Build.0 = Debug|Any CPU
		{9556A020-302A-408C-AA65-61C25D8D9280}.Release|Any CPU.ActiveCfg = Release|Any CPU
		{9556A020-302A-408C-AA65-61C25D8D9280}.Release|Any CPU.Build.0 = Release|Any CPU
	EndGlobalSection
	GlobalSection(SolutionProperties) = preSolution
		HideSolutionNode = FALSE
	EndGlobalSection
	GlobalSection(ExtensibilityGlobals) = postSolution
		SolutionGuid = {D16124C7-935A-488D-9701-8A049F5AC0F9}
	EndGlobalSection
EndGlobal
